// !$*UTF8*$!
{
	archiveVersion = 1;
	classes = {
	};
	objectVersion = 46;
	objects = {

/* Begin PBXBuildFile section */
		3A077E5E1DD4404300BDF81C /* AppDelegate.swift in Sources */ = {isa = PBXBuildFile; fileRef = 3A077E5D1DD4404300BDF81C /* AppDelegate.swift */; };
		3A077E601DD4404300BDF81C /* StopsViewController.swift in Sources */ = {isa = PBXBuildFile; fileRef = 3A077E5F1DD4404300BDF81C /* StopsViewController.swift */; };
		3A077E631DD4404300BDF81C /* Main.storyboard in Resources */ = {isa = PBXBuildFile; fileRef = 3A077E611DD4404300BDF81C /* Main.storyboard */; };
		3A077E651DD4404300BDF81C /* Assets.xcassets in Resources */ = {isa = PBXBuildFile; fileRef = 3A077E641DD4404300BDF81C /* Assets.xcassets */; };
		3A077E681DD4404300BDF81C /* LaunchScreen.storyboard in Resources */ = {isa = PBXBuildFile; fileRef = 3A077E661DD4404300BDF81C /* LaunchScreen.storyboard */; };
		3A077E731DD4404300BDF81C /* CUMTDAppTests.swift in Sources */ = {isa = PBXBuildFile; fileRef = 3A077E721DD4404300BDF81C /* CUMTDAppTests.swift */; };
		3A077E831DD4428500BDF81C /* Api.swift in Sources */ = {isa = PBXBuildFile; fileRef = 3A077E821DD4428500BDF81C /* Api.swift */; };
		3A0B7BB01DD4584500FB1841 /* StopCell.swift in Sources */ = {isa = PBXBuildFile; fileRef = 3A0B7BAF1DD4584500FB1841 /* StopCell.swift */; };
		3A0B7BB21DD462D700FB1841 /* RoutesViewController.swift in Sources */ = {isa = PBXBuildFile; fileRef = 3A0B7BB11DD462D700FB1841 /* RoutesViewController.swift */; };
		3A3ED5A91DD518A9007D0D54 /* RouteCell.swift in Sources */ = {isa = PBXBuildFile; fileRef = 3A3ED5A81DD518A9007D0D54 /* RouteCell.swift */; };
		3A3ED5AB1DD5339B007D0D54 /* Stop.swift in Sources */ = {isa = PBXBuildFile; fileRef = 3A3ED5AA1DD5339B007D0D54 /* Stop.swift */; };
		3A3ED5AD1DD534E6007D0D54 /* Parser.swift in Sources */ = {isa = PBXBuildFile; fileRef = 3A3ED5AC1DD534E6007D0D54 /* Parser.swift */; };
		3A3ED5AF1DD5364A007D0D54 /* Route.swift in Sources */ = {isa = PBXBuildFile; fileRef = 3A3ED5AE1DD5364A007D0D54 /* Route.swift */; };
		3A3ED5B11DD54F0C007D0D54 /* RGBA.swift in Sources */ = {isa = PBXBuildFile; fileRef = 3A3ED5B01DD54F0C007D0D54 /* RGBA.swift */; };
		3A50E2611DD5A1A800909D23 /* TabBarController.swift in Sources */ = {isa = PBXBuildFile; fileRef = 3A50E2601DD5A1A800909D23 /* TabBarController.swift */; };
		3ABAA3E91DDE6157003535A2 /* WidgetStopType.swift in Sources */ = {isa = PBXBuildFile; fileRef = 3ABAA3E81DDE6156003535A2 /* WidgetStopType.swift */; };
		3ADFC7701DDD9828000081E8 /* NotificationCenter.framework in Frameworks */ = {isa = PBXBuildFile; fileRef = 3ADFC76F1DDD9828000081E8 /* NotificationCenter.framework */; };
		3ADFC7731DDD9828000081E8 /* TodayViewController.swift in Sources */ = {isa = PBXBuildFile; fileRef = 3ADFC7721DDD9828000081E8 /* TodayViewController.swift */; };
		3ADFC7761DDD9829000081E8 /* MainInterface.storyboard in Resources */ = {isa = PBXBuildFile; fileRef = 3ADFC7741DDD9829000081E8 /* MainInterface.storyboard */; };
		3ADFC77A1DDD9829000081E8 /* Widget.appex in Embed App Extensions */ = {isa = PBXBuildFile; fileRef = 3ADFC76D1DDD9828000081E8 /* Widget.appex */; settings = {ATTRIBUTES = (RemoveHeadersOnCopy, ); }; };
		3ADFC7861DDDA0F1000081E8 /* SettingsViewController.swift in Sources */ = {isa = PBXBuildFile; fileRef = 3ADFC7851DDDA0F1000081E8 /* SettingsViewController.swift */; };
		3ADFC78A1DDDA906000081E8 /* WidgetStopCell.swift in Sources */ = {isa = PBXBuildFile; fileRef = 3ADFC7891DDDA906000081E8 /* WidgetStopCell.swift */; };
		3AF8DD1E1DD57715007AD2EA /* LocalData.swift in Sources */ = {isa = PBXBuildFile; fileRef = 3AF8DD1D1DD57715007AD2EA /* LocalData.swift */; };
		3AF8DD201DD58A69007AD2EA /* FavoriteStopsNavigationController.swift in Sources */ = {isa = PBXBuildFile; fileRef = 3AF8DD1F1DD58A69007AD2EA /* FavoriteStopsNavigationController.swift */; };
		3AF8DD221DD58B45007AD2EA /* NearbyStopsNavigationController.swift in Sources */ = {isa = PBXBuildFile; fileRef = 3AF8DD211DD58B45007AD2EA /* NearbyStopsNavigationController.swift */; };
/* End PBXBuildFile section */

/* Begin PBXContainerItemProxy section */
		3A077E6F1DD4404300BDF81C /* PBXContainerItemProxy */ = {
			isa = PBXContainerItemProxy;
			containerPortal = 3A077E521DD4404300BDF81C /* Project object */;
			proxyType = 1;
			remoteGlobalIDString = 3A077E591DD4404300BDF81C;
			remoteInfo = CUMTDApp;
		};
		3ADFC7781DDD9829000081E8 /* PBXContainerItemProxy */ = {
			isa = PBXContainerItemProxy;
			containerPortal = 3A077E521DD4404300BDF81C /* Project object */;
			proxyType = 1;
			remoteGlobalIDString = 3ADFC76C1DDD9828000081E8;
			remoteInfo = Widget;
		};
/* End PBXContainerItemProxy section */

/* Begin PBXCopyFilesBuildPhase section */
		3ADFC77E1DDD9829000081E8 /* Embed App Extensions */ = {
			isa = PBXCopyFilesBuildPhase;
			buildActionMask = 2147483647;
			dstPath = "";
			dstSubfolderSpec = 13;
			files = (
				3ADFC77A1DDD9829000081E8 /* Widget.appex in Embed App Extensions */,
			);
			name = "Embed App Extensions";
			runOnlyForDeploymentPostprocessing = 0;
		};
/* End PBXCopyFilesBuildPhase section */

/* Begin PBXFileReference section */
		3A077E5A1DD4404300BDF81C /* CUMTDApp.app */ = {isa = PBXFileReference; explicitFileType = wrapper.application; includeInIndex = 0; path = CUMTDApp.app; sourceTree = BUILT_PRODUCTS_DIR; };
		3A077E5D1DD4404300BDF81C /* AppDelegate.swift */ = {isa = PBXFileReference; lastKnownFileType = sourcecode.swift; path = AppDelegate.swift; sourceTree = "<group>"; };
		3A077E5F1DD4404300BDF81C /* StopsViewController.swift */ = {isa = PBXFileReference; lastKnownFileType = sourcecode.swift; path = StopsViewController.swift; sourceTree = "<group>"; };
		3A077E621DD4404300BDF81C /* Base */ = {isa = PBXFileReference; lastKnownFileType = file.storyboard; name = Base; path = Base.lproj/Main.storyboard; sourceTree = "<group>"; };
		3A077E641DD4404300BDF81C /* Assets.xcassets */ = {isa = PBXFileReference; lastKnownFileType = folder.assetcatalog; path = Assets.xcassets; sourceTree = "<group>"; };
		3A077E671DD4404300BDF81C /* Base */ = {isa = PBXFileReference; lastKnownFileType = file.storyboard; name = Base; path = Base.lproj/LaunchScreen.storyboard; sourceTree = "<group>"; };
		3A077E691DD4404300BDF81C /* Info.plist */ = {isa = PBXFileReference; lastKnownFileType = text.plist.xml; path = Info.plist; sourceTree = "<group>"; };
		3A077E6E1DD4404300BDF81C /* CUMTDAppTests.xctest */ = {isa = PBXFileReference; explicitFileType = wrapper.cfbundle; includeInIndex = 0; path = CUMTDAppTests.xctest; sourceTree = BUILT_PRODUCTS_DIR; };
		3A077E721DD4404300BDF81C /* CUMTDAppTests.swift */ = {isa = PBXFileReference; lastKnownFileType = sourcecode.swift; path = CUMTDAppTests.swift; sourceTree = "<group>"; };
		3A077E741DD4404300BDF81C /* Info.plist */ = {isa = PBXFileReference; lastKnownFileType = text.plist.xml; path = Info.plist; sourceTree = "<group>"; };
		3A077E821DD4428500BDF81C /* Api.swift */ = {isa = PBXFileReference; fileEncoding = 4; lastKnownFileType = sourcecode.swift; path = Api.swift; sourceTree = "<group>"; };
		3A0B7BAF1DD4584500FB1841 /* StopCell.swift */ = {isa = PBXFileReference; fileEncoding = 4; lastKnownFileType = sourcecode.swift; path = StopCell.swift; sourceTree = "<group>"; };
		3A0B7BB11DD462D700FB1841 /* RoutesViewController.swift */ = {isa = PBXFileReference; fileEncoding = 4; lastKnownFileType = sourcecode.swift; path = RoutesViewController.swift; sourceTree = "<group>"; };
		3A3ED5A81DD518A9007D0D54 /* RouteCell.swift */ = {isa = PBXFileReference; fileEncoding = 4; lastKnownFileType = sourcecode.swift; path = RouteCell.swift; sourceTree = "<group>"; };
		3A3ED5AA1DD5339B007D0D54 /* Stop.swift */ = {isa = PBXFileReference; fileEncoding = 4; lastKnownFileType = sourcecode.swift; path = Stop.swift; sourceTree = "<group>"; };
		3A3ED5AC1DD534E6007D0D54 /* Parser.swift */ = {isa = PBXFileReference; fileEncoding = 4; lastKnownFileType = sourcecode.swift; path = Parser.swift; sourceTree = "<group>"; };
		3A3ED5AE1DD5364A007D0D54 /* Route.swift */ = {isa = PBXFileReference; fileEncoding = 4; lastKnownFileType = sourcecode.swift; path = Route.swift; sourceTree = "<group>"; };
		3A3ED5B01DD54F0C007D0D54 /* RGBA.swift */ = {isa = PBXFileReference; fileEncoding = 4; lastKnownFileType = sourcecode.swift; path = RGBA.swift; sourceTree = "<group>"; };
		3A50E2601DD5A1A800909D23 /* TabBarController.swift */ = {isa = PBXFileReference; fileEncoding = 4; lastKnownFileType = sourcecode.swift; path = TabBarController.swift; sourceTree = "<group>"; };
		3ABAA3E81DDE6156003535A2 /* WidgetStopType.swift */ = {isa = PBXFileReference; fileEncoding = 4; lastKnownFileType = sourcecode.swift; path = WidgetStopType.swift; sourceTree = "<group>"; };
		3ADFC76D1DDD9828000081E8 /* Widget.appex */ = {isa = PBXFileReference; explicitFileType = "wrapper.app-extension"; includeInIndex = 0; path = Widget.appex; sourceTree = BUILT_PRODUCTS_DIR; };
		3ADFC76F1DDD9828000081E8 /* NotificationCenter.framework */ = {isa = PBXFileReference; lastKnownFileType = wrapper.framework; name = NotificationCenter.framework; path = System/Library/Frameworks/NotificationCenter.framework; sourceTree = SDKROOT; };
		3ADFC7721DDD9828000081E8 /* TodayViewController.swift */ = {isa = PBXFileReference; lastKnownFileType = sourcecode.swift; path = TodayViewController.swift; sourceTree = "<group>"; };
		3ADFC7751DDD9829000081E8 /* Base */ = {isa = PBXFileReference; lastKnownFileType = file.storyboard; name = Base; path = Base.lproj/MainInterface.storyboard; sourceTree = "<group>"; };
		3ADFC7771DDD9829000081E8 /* Info.plist */ = {isa = PBXFileReference; lastKnownFileType = text.plist.xml; path = Info.plist; sourceTree = "<group>"; };
		3ADFC7851DDDA0F1000081E8 /* SettingsViewController.swift */ = {isa = PBXFileReference; fileEncoding = 4; lastKnownFileType = sourcecode.swift; path = SettingsViewController.swift; sourceTree = "<group>"; };
		3ADFC7891DDDA906000081E8 /* WidgetStopCell.swift */ = {isa = PBXFileReference; fileEncoding = 4; lastKnownFileType = sourcecode.swift; path = WidgetStopCell.swift; sourceTree = "<group>"; };
		3AF8DD1D1DD57715007AD2EA /* LocalData.swift */ = {isa = PBXFileReference; fileEncoding = 4; lastKnownFileType = sourcecode.swift; path = LocalData.swift; sourceTree = "<group>"; };
		3AF8DD1F1DD58A69007AD2EA /* FavoriteStopsNavigationController.swift */ = {isa = PBXFileReference; fileEncoding = 4; lastKnownFileType = sourcecode.swift; path = FavoriteStopsNavigationController.swift; sourceTree = "<group>"; };
		3AF8DD211DD58B45007AD2EA /* NearbyStopsNavigationController.swift */ = {isa = PBXFileReference; fileEncoding = 4; lastKnownFileType = sourcecode.swift; path = NearbyStopsNavigationController.swift; sourceTree = "<group>"; };
/* End PBXFileReference section */

/* Begin PBXFrameworksBuildPhase section */
		3A077E571DD4404300BDF81C /* Frameworks */ = {
			isa = PBXFrameworksBuildPhase;
			buildActionMask = 2147483647;
			files = (
			);
			runOnlyForDeploymentPostprocessing = 0;
		};
		3A077E6B1DD4404300BDF81C /* Frameworks */ = {
			isa = PBXFrameworksBuildPhase;
			buildActionMask = 2147483647;
			files = (
			);
			runOnlyForDeploymentPostprocessing = 0;
		};
		3ADFC76A1DDD9828000081E8 /* Frameworks */ = {
			isa = PBXFrameworksBuildPhase;
			buildActionMask = 2147483647;
			files = (
				3ADFC7701DDD9828000081E8 /* NotificationCenter.framework in Frameworks */,
			);
			runOnlyForDeploymentPostprocessing = 0;
		};
/* End PBXFrameworksBuildPhase section */

/* Begin PBXGroup section */
		3A077E511DD4404300BDF81C = {
			isa = PBXGroup;
			children = (
				3A077E5C1DD4404300BDF81C /* CUMTDApp */,
				3A077E711DD4404300BDF81C /* CUMTDAppTests */,
				3ADFC7711DDD9828000081E8 /* Widget */,
				3ADFC76E1DDD9828000081E8 /* Frameworks */,
				3A077E5B1DD4404300BDF81C /* Products */,
			);
			sourceTree = "<group>";
		};
		3A077E5B1DD4404300BDF81C /* Products */ = {
			isa = PBXGroup;
			children = (
				3A077E5A1DD4404300BDF81C /* CUMTDApp.app */,
				3A077E6E1DD4404300BDF81C /* CUMTDAppTests.xctest */,
				3ADFC76D1DDD9828000081E8 /* Widget.appex */,
			);
			name = Products;
			sourceTree = "<group>";
		};
		3A077E5C1DD4404300BDF81C /* CUMTDApp */ = {
			isa = PBXGroup;
			children = (
				3A077E811DD4426100BDF81C /* Internals */,
				3A077E7E1DD440CE00BDF81C /* Views */,
				3A077E7D1DD4409B00BDF81C /* ViewControllers */,
				3A077E5D1DD4404300BDF81C /* AppDelegate.swift */,
				3A077E611DD4404300BDF81C /* Main.storyboard */,
				3A077E641DD4404300BDF81C /* Assets.xcassets */,
				3A077E661DD4404300BDF81C /* LaunchScreen.storyboard */,
				3A077E691DD4404300BDF81C /* Info.plist */,
			);
			path = CUMTDApp;
			sourceTree = "<group>";
		};
		3A077E711DD4404300BDF81C /* CUMTDAppTests */ = {
			isa = PBXGroup;
			children = (
				3A077E721DD4404300BDF81C /* CUMTDAppTests.swift */,
				3A077E741DD4404300BDF81C /* Info.plist */,
			);
			path = CUMTDAppTests;
			sourceTree = "<group>";
		};
		3A077E7D1DD4409B00BDF81C /* ViewControllers */ = {
			isa = PBXGroup;
			children = (
				3A077E5F1DD4404300BDF81C /* StopsViewController.swift */,
				3A0B7BB11DD462D700FB1841 /* RoutesViewController.swift */,
				3AF8DD1F1DD58A69007AD2EA /* FavoriteStopsNavigationController.swift */,
				3AF8DD211DD58B45007AD2EA /* NearbyStopsNavigationController.swift */,
				3A50E2601DD5A1A800909D23 /* TabBarController.swift */,
				3ADFC7851DDDA0F1000081E8 /* SettingsViewController.swift */,
			);
			name = ViewControllers;
			sourceTree = "<group>";
		};
		3A077E7E1DD440CE00BDF81C /* Views */ = {
			isa = PBXGroup;
			children = (
				3A0B7BAF1DD4584500FB1841 /* StopCell.swift */,
				3A3ED5A81DD518A9007D0D54 /* RouteCell.swift */,
				3ADFC7891DDDA906000081E8 /* WidgetStopCell.swift */,
			);
			name = Views;
			sourceTree = "<group>";
		};
		3A077E811DD4426100BDF81C /* Internals */ = {
			isa = PBXGroup;
			children = (
				3A077E821DD4428500BDF81C /* Api.swift */,
				3A3ED5AA1DD5339B007D0D54 /* Stop.swift */,
				3A3ED5AC1DD534E6007D0D54 /* Parser.swift */,
				3A3ED5AE1DD5364A007D0D54 /* Route.swift */,
				3A3ED5B01DD54F0C007D0D54 /* RGBA.swift */,
				3AF8DD1D1DD57715007AD2EA /* LocalData.swift */,
				3ABAA3E81DDE6156003535A2 /* WidgetStopType.swift */,
			);
			name = Internals;
			sourceTree = "<group>";
		};
		3ADFC76E1DDD9828000081E8 /* Frameworks */ = {
			isa = PBXGroup;
			children = (
				3ADFC76F1DDD9828000081E8 /* NotificationCenter.framework */,
			);
			name = Frameworks;
			sourceTree = "<group>";
		};
		3ADFC7711DDD9828000081E8 /* Widget */ = {
			isa = PBXGroup;
			children = (
				3ADFC7721DDD9828000081E8 /* TodayViewController.swift */,
				3ADFC7741DDD9829000081E8 /* MainInterface.storyboard */,
				3ADFC7771DDD9829000081E8 /* Info.plist */,
			);
			path = Widget;
			sourceTree = "<group>";
		};
/* End PBXGroup section */

/* Begin PBXNativeTarget section */
		3A077E591DD4404300BDF81C /* CUMTDApp */ = {
			isa = PBXNativeTarget;
			buildConfigurationList = 3A077E771DD4404300BDF81C /* Build configuration list for PBXNativeTarget "CUMTDApp" */;
			buildPhases = (
				3A077E561DD4404300BDF81C /* Sources */,
				3A077E571DD4404300BDF81C /* Frameworks */,
				3A077E581DD4404300BDF81C /* Resources */,
				3ADFC77E1DDD9829000081E8 /* Embed App Extensions */,
			);
			buildRules = (
			);
			dependencies = (
				3ADFC7791DDD9829000081E8 /* PBXTargetDependency */,
			);
			name = CUMTDApp;
			productName = CUMTDApp;
			productReference = 3A077E5A1DD4404300BDF81C /* CUMTDApp.app */;
			productType = "com.apple.product-type.application";
		};
		3A077E6D1DD4404300BDF81C /* CUMTDAppTests */ = {
			isa = PBXNativeTarget;
			buildConfigurationList = 3A077E7A1DD4404300BDF81C /* Build configuration list for PBXNativeTarget "CUMTDAppTests" */;
			buildPhases = (
				3A077E6A1DD4404300BDF81C /* Sources */,
				3A077E6B1DD4404300BDF81C /* Frameworks */,
				3A077E6C1DD4404300BDF81C /* Resources */,
			);
			buildRules = (
			);
			dependencies = (
				3A077E701DD4404300BDF81C /* PBXTargetDependency */,
			);
			name = CUMTDAppTests;
			productName = CUMTDAppTests;
			productReference = 3A077E6E1DD4404300BDF81C /* CUMTDAppTests.xctest */;
			productType = "com.apple.product-type.bundle.unit-test";
		};
		3ADFC76C1DDD9828000081E8 /* Widget */ = {
			isa = PBXNativeTarget;
			buildConfigurationList = 3ADFC77D1DDD9829000081E8 /* Build configuration list for PBXNativeTarget "Widget" */;
			buildPhases = (
				3ADFC7691DDD9828000081E8 /* Sources */,
				3ADFC76A1DDD9828000081E8 /* Frameworks */,
				3ADFC76B1DDD9828000081E8 /* Resources */,
			);
			buildRules = (
			);
			dependencies = (
			);
			name = Widget;
			productName = Widget;
			productReference = 3ADFC76D1DDD9828000081E8 /* Widget.appex */;
			productType = "com.apple.product-type.app-extension";
		};
/* End PBXNativeTarget section */

/* Begin PBXProject section */
		3A077E521DD4404300BDF81C /* Project object */ = {
			isa = PBXProject;
			attributes = {
				LastSwiftUpdateCheck = 0810;
				LastUpgradeCheck = 0810;
				ORGANIZATIONNAME = "Faisal Abu Jabal";
				TargetAttributes = {
					3A077E591DD4404300BDF81C = {
						CreatedOnToolsVersion = 8.1;
						DevelopmentTeam = 3PHNE428JG;
						ProvisioningStyle = Automatic;
					};
					3A077E6D1DD4404300BDF81C = {
						CreatedOnToolsVersion = 8.1;
						DevelopmentTeam = 3PHNE428JG;
						ProvisioningStyle = Automatic;
						TestTargetID = 3A077E591DD4404300BDF81C;
					};
					3ADFC76C1DDD9828000081E8 = {
						CreatedOnToolsVersion = 8.1;
						DevelopmentTeam = 3PHNE428JG;
						ProvisioningStyle = Automatic;
					};
				};
			};
			buildConfigurationList = 3A077E551DD4404300BDF81C /* Build configuration list for PBXProject "CUMTDApp" */;
			compatibilityVersion = "Xcode 3.2";
			developmentRegion = English;
			hasScannedForEncodings = 0;
			knownRegions = (
				en,
				Base,
			);
			mainGroup = 3A077E511DD4404300BDF81C;
			productRefGroup = 3A077E5B1DD4404300BDF81C /* Products */;
			projectDirPath = "";
			projectRoot = "";
			targets = (
				3A077E591DD4404300BDF81C /* CUMTDApp */,
				3A077E6D1DD4404300BDF81C /* CUMTDAppTests */,
				3ADFC76C1DDD9828000081E8 /* Widget */,
			);
		};
/* End PBXProject section */

/* Begin PBXResourcesBuildPhase section */
		3A077E581DD4404300BDF81C /* Resources */ = {
			isa = PBXResourcesBuildPhase;
			buildActionMask = 2147483647;
			files = (
				3A077E681DD4404300BDF81C /* LaunchScreen.storyboard in Resources */,
				3A077E651DD4404300BDF81C /* Assets.xcassets in Resources */,
				3A077E631DD4404300BDF81C /* Main.storyboard in Resources */,
			);
			runOnlyForDeploymentPostprocessing = 0;
		};
		3A077E6C1DD4404300BDF81C /* Resources */ = {
			isa = PBXResourcesBuildPhase;
			buildActionMask = 2147483647;
			files = (
			);
			runOnlyForDeploymentPostprocessing = 0;
		};
		3ADFC76B1DDD9828000081E8 /* Resources */ = {
			isa = PBXResourcesBuildPhase;
			buildActionMask = 2147483647;
			files = (
				3ADFC7761DDD9829000081E8 /* MainInterface.storyboard in Resources */,
			);
			runOnlyForDeploymentPostprocessing = 0;
		};
/* End PBXResourcesBuildPhase section */

/* Begin PBXSourcesBuildPhase section */
		3A077E561DD4404300BDF81C /* Sources */ = {
			isa = PBXSourcesBuildPhase;
			buildActionMask = 2147483647;
			files = (
				3A3ED5AF1DD5364A007D0D54 /* Route.swift in Sources */,
				3A3ED5B11DD54F0C007D0D54 /* RGBA.swift in Sources */,
				3A3ED5AB1DD5339B007D0D54 /* Stop.swift in Sources */,
				3A077E601DD4404300BDF81C /* StopsViewController.swift in Sources */,
				3A3ED5A91DD518A9007D0D54 /* RouteCell.swift in Sources */,
				3A0B7BB21DD462D700FB1841 /* RoutesViewController.swift in Sources */,
				3A3ED5AD1DD534E6007D0D54 /* Parser.swift in Sources */,
				3A0B7BB01DD4584500FB1841 /* StopCell.swift in Sources */,
				3AF8DD201DD58A69007AD2EA /* FavoriteStopsNavigationController.swift in Sources */,
				3ADFC78A1DDDA906000081E8 /* WidgetStopCell.swift in Sources */,
				3A077E831DD4428500BDF81C /* Api.swift in Sources */,
				3AF8DD1E1DD57715007AD2EA /* LocalData.swift in Sources */,
				3ABAA3E91DDE6157003535A2 /* WidgetStopType.swift in Sources */,
				3ADFC7861DDDA0F1000081E8 /* SettingsViewController.swift in Sources */,
				3A50E2611DD5A1A800909D23 /* TabBarController.swift in Sources */,
				3AF8DD221DD58B45007AD2EA /* NearbyStopsNavigationController.swift in Sources */,
				3A077E5E1DD4404300BDF81C /* AppDelegate.swift in Sources */,
			);
			runOnlyForDeploymentPostprocessing = 0;
		};
		3A077E6A1DD4404300BDF81C /* Sources */ = {
			isa = PBXSourcesBuildPhase;
			buildActionMask = 2147483647;
			files = (
				3A077E731DD4404300BDF81C /* CUMTDAppTests.swift in Sources */,
			);
			runOnlyForDeploymentPostprocessing = 0;
		};
		3ADFC7691DDD9828000081E8 /* Sources */ = {
			isa = PBXSourcesBuildPhase;
			buildActionMask = 2147483647;
			files = (
				3ADFC7731DDD9828000081E8 /* TodayViewController.swift in Sources */,
			);
			runOnlyForDeploymentPostprocessing = 0;
		};
/* End PBXSourcesBuildPhase section */

/* Begin PBXTargetDependency section */
		3A077E701DD4404300BDF81C /* PBXTargetDependency */ = {
			isa = PBXTargetDependency;
			target = 3A077E591DD4404300BDF81C /* CUMTDApp */;
			targetProxy = 3A077E6F1DD4404300BDF81C /* PBXContainerItemProxy */;
		};
		3ADFC7791DDD9829000081E8 /* PBXTargetDependency */ = {
			isa = PBXTargetDependency;
			target = 3ADFC76C1DDD9828000081E8 /* Widget */;
			targetProxy = 3ADFC7781DDD9829000081E8 /* PBXContainerItemProxy */;
		};
/* End PBXTargetDependency section */

/* Begin PBXVariantGroup section */
		3A077E611DD4404300BDF81C /* Main.storyboard */ = {
			isa = PBXVariantGroup;
			children = (
				3A077E621DD4404300BDF81C /* Base */,
			);
			name = Main.storyboard;
			sourceTree = "<group>";
		};
		3A077E661DD4404300BDF81C /* LaunchScreen.storyboard */ = {
			isa = PBXVariantGroup;
			children = (
				3A077E671DD4404300BDF81C /* Base */,
			);
			name = LaunchScreen.storyboard;
			sourceTree = "<group>";
		};
		3ADFC7741DDD9829000081E8 /* MainInterface.storyboard */ = {
			isa = PBXVariantGroup;
			children = (
				3ADFC7751DDD9829000081E8 /* Base */,
			);
			name = MainInterface.storyboard;
			sourceTree = "<group>";
		};
/* End PBXVariantGroup section */

/* Begin XCBuildConfiguration section */
		3A077E751DD4404300BDF81C /* Debug */ = {
			isa = XCBuildConfiguration;
			buildSettings = {
				ALWAYS_SEARCH_USER_PATHS = NO;
				CLANG_ANALYZER_NONNULL = YES;
				CLANG_CXX_LANGUAGE_STANDARD = "gnu++0x";
				CLANG_CXX_LIBRARY = "libc++";
				CLANG_ENABLE_MODULES = YES;
				CLANG_ENABLE_OBJC_ARC = YES;
				CLANG_WARN_BOOL_CONVERSION = YES;
				CLANG_WARN_CONSTANT_CONVERSION = YES;
				CLANG_WARN_DIRECT_OBJC_ISA_USAGE = YES_ERROR;
				CLANG_WARN_DOCUMENTATION_COMMENTS = YES;
				CLANG_WARN_EMPTY_BODY = YES;
				CLANG_WARN_ENUM_CONVERSION = YES;
				CLANG_WARN_INFINITE_RECURSION = YES;
				CLANG_WARN_INT_CONVERSION = YES;
				CLANG_WARN_OBJC_ROOT_CLASS = YES_ERROR;
				CLANG_WARN_SUSPICIOUS_MOVES = YES;
				CLANG_WARN_UNREACHABLE_CODE = YES;
				CLANG_WARN__DUPLICATE_METHOD_MATCH = YES;
				"CODE_SIGN_IDENTITY[sdk=iphoneos*]" = "iPhone Developer";
				COPY_PHASE_STRIP = NO;
				DEBUG_INFORMATION_FORMAT = dwarf;
				ENABLE_STRICT_OBJC_MSGSEND = YES;
				ENABLE_TESTABILITY = YES;
				GCC_C_LANGUAGE_STANDARD = gnu99;
				GCC_DYNAMIC_NO_PIC = NO;
				GCC_NO_COMMON_BLOCKS = YES;
				GCC_OPTIMIZATION_LEVEL = 0;
				GCC_PREPROCESSOR_DEFINITIONS = (
					"DEBUG=1",
					"$(inherited)",
				);
				GCC_WARN_64_TO_32_BIT_CONVERSION = YES;
				GCC_WARN_ABOUT_RETURN_TYPE = YES_ERROR;
				GCC_WARN_UNDECLARED_SELECTOR = YES;
				GCC_WARN_UNINITIALIZED_AUTOS = YES_AGGRESSIVE;
				GCC_WARN_UNUSED_FUNCTION = YES;
				GCC_WARN_UNUSED_VARIABLE = YES;
				IPHONEOS_DEPLOYMENT_TARGET = 10.1;
				MTL_ENABLE_DEBUG_INFO = YES;
				ONLY_ACTIVE_ARCH = YES;
				SDKROOT = iphoneos;
				SWIFT_ACTIVE_COMPILATION_CONDITIONS = DEBUG;
				SWIFT_OPTIMIZATION_LEVEL = "-Onone";
			};
			name = Debug;
		};
		3A077E761DD4404300BDF81C /* Release */ = {
			isa = XCBuildConfiguration;
			buildSettings = {
				ALWAYS_SEARCH_USER_PATHS = NO;
				CLANG_ANALYZER_NONNULL = YES;
				CLANG_CXX_LANGUAGE_STANDARD = "gnu++0x";
				CLANG_CXX_LIBRARY = "libc++";
				CLANG_ENABLE_MODULES = YES;
				CLANG_ENABLE_OBJC_ARC = YES;
				CLANG_WARN_BOOL_CONVERSION = YES;
				CLANG_WARN_CONSTANT_CONVERSION = YES;
				CLANG_WARN_DIRECT_OBJC_ISA_USAGE = YES_ERROR;
				CLANG_WARN_DOCUMENTATION_COMMENTS = YES;
				CLANG_WARN_EMPTY_BODY = YES;
				CLANG_WARN_ENUM_CONVERSION = YES;
				CLANG_WARN_INFINITE_RECURSION = YES;
				CLANG_WARN_INT_CONVERSION = YES;
				CLANG_WARN_OBJC_ROOT_CLASS = YES_ERROR;
				CLANG_WARN_SUSPICIOUS_MOVES = YES;
				CLANG_WARN_UNREACHABLE_CODE = YES;
				CLANG_WARN__DUPLICATE_METHOD_MATCH = YES;
				"CODE_SIGN_IDENTITY[sdk=iphoneos*]" = "iPhone Developer";
				COPY_PHASE_STRIP = NO;
				DEBUG_INFORMATION_FORMAT = "dwarf-with-dsym";
				ENABLE_NS_ASSERTIONS = NO;
				ENABLE_STRICT_OBJC_MSGSEND = YES;
				GCC_C_LANGUAGE_STANDARD = gnu99;
				GCC_NO_COMMON_BLOCKS = YES;
				GCC_WARN_64_TO_32_BIT_CONVERSION = YES;
				GCC_WARN_ABOUT_RETURN_TYPE = YES_ERROR;
				GCC_WARN_UNDECLARED_SELECTOR = YES;
				GCC_WARN_UNINITIALIZED_AUTOS = YES_AGGRESSIVE;
				GCC_WARN_UNUSED_FUNCTION = YES;
				GCC_WARN_UNUSED_VARIABLE = YES;
				IPHONEOS_DEPLOYMENT_TARGET = 10.1;
				MTL_ENABLE_DEBUG_INFO = NO;
				SDKROOT = iphoneos;
				SWIFT_OPTIMIZATION_LEVEL = "-Owholemodule";
				VALIDATE_PRODUCT = YES;
			};
			name = Release;
		};
		3A077E781DD4404300BDF81C /* Debug */ = {
			isa = XCBuildConfiguration;
			buildSettings = {
				ALWAYS_EMBED_SWIFT_STANDARD_LIBRARIES = YES;
				ASSETCATALOG_COMPILER_APPICON_NAME = AppIcon;
				DEVELOPMENT_TEAM = 3PHNE428JG;
				INFOPLIST_FILE = CUMTDApp/Info.plist;
				LD_RUNPATH_SEARCH_PATHS = "$(inherited) @executable_path/Frameworks";
				PRODUCT_BUNDLE_IDENTIFIER = "faisal-oscar.CUMTDApp";
				PRODUCT_NAME = "$(TARGET_NAME)";
				SWIFT_VERSION = 3.0;
			};
			name = Debug;
		};
		3A077E791DD4404300BDF81C /* Release */ = {
			isa = XCBuildConfiguration;
			buildSettings = {
				ALWAYS_EMBED_SWIFT_STANDARD_LIBRARIES = YES;
				ASSETCATALOG_COMPILER_APPICON_NAME = AppIcon;
				DEVELOPMENT_TEAM = 3PHNE428JG;
				INFOPLIST_FILE = CUMTDApp/Info.plist;
				LD_RUNPATH_SEARCH_PATHS = "$(inherited) @executable_path/Frameworks";
				PRODUCT_BUNDLE_IDENTIFIER = "faisal-oscar.CUMTDApp";
				PRODUCT_NAME = "$(TARGET_NAME)";
				SWIFT_VERSION = 3.0;
			};
			name = Release;
		};
		3A077E7B1DD4404300BDF81C /* Debug */ = {
			isa = XCBuildConfiguration;
			buildSettings = {
				ALWAYS_EMBED_SWIFT_STANDARD_LIBRARIES = YES;
				BUNDLE_LOADER = "$(TEST_HOST)";
				DEVELOPMENT_TEAM = 3PHNE428JG;
				INFOPLIST_FILE = CUMTDAppTests/Info.plist;
				LD_RUNPATH_SEARCH_PATHS = "$(inherited) @executable_path/Frameworks @loader_path/Frameworks";
				PRODUCT_BUNDLE_IDENTIFIER = "faisal-oscar.CUMTDAppTests";
				PRODUCT_NAME = "$(TARGET_NAME)";
				SWIFT_VERSION = 3.0;
				TEST_HOST = "$(BUILT_PRODUCTS_DIR)/CUMTDApp.app/CUMTDApp";
			};
			name = Debug;
		};
		3A077E7C1DD4404300BDF81C /* Release */ = {
			isa = XCBuildConfiguration;
			buildSettings = {
				ALWAYS_EMBED_SWIFT_STANDARD_LIBRARIES = YES;
				BUNDLE_LOADER = "$(TEST_HOST)";
				DEVELOPMENT_TEAM = 3PHNE428JG;
				INFOPLIST_FILE = CUMTDAppTests/Info.plist;
				LD_RUNPATH_SEARCH_PATHS = "$(inherited) @executable_path/Frameworks @loader_path/Frameworks";
				PRODUCT_BUNDLE_IDENTIFIER = "faisal-oscar.CUMTDAppTests";
				PRODUCT_NAME = "$(TARGET_NAME)";
				SWIFT_VERSION = 3.0;
				TEST_HOST = "$(BUILT_PRODUCTS_DIR)/CUMTDApp.app/CUMTDApp";
			};
			name = Release;
		};
		3ADFC77B1DDD9829000081E8 /* Debug */ = {
			isa = XCBuildConfiguration;
			buildSettings = {
				DEVELOPMENT_TEAM = 3PHNE428JG;
				INFOPLIST_FILE = Widget/Info.plist;
				LD_RUNPATH_SEARCH_PATHS = "$(inherited) @executable_path/Frameworks @executable_path/../../Frameworks";
				PRODUCT_BUNDLE_IDENTIFIER = "faisal-oscar.CUMTDApp.Widget";
				PRODUCT_NAME = "$(TARGET_NAME)";
				SKIP_INSTALL = YES;
				SWIFT_VERSION = 3.0;
			};
			name = Debug;
		};
		3ADFC77C1DDD9829000081E8 /* Release */ = {
			isa = XCBuildConfiguration;
			buildSettings = {
				DEVELOPMENT_TEAM = 3PHNE428JG;
				INFOPLIST_FILE = Widget/Info.plist;
				LD_RUNPATH_SEARCH_PATHS = "$(inherited) @executable_path/Frameworks @executable_path/../../Frameworks";
				PRODUCT_BUNDLE_IDENTIFIER = "faisal-oscar.CUMTDApp.Widget";
				PRODUCT_NAME = "$(TARGET_NAME)";
				SKIP_INSTALL = YES;
				SWIFT_VERSION = 3.0;
			};
			name = Release;
		};
/* End XCBuildConfiguration section */

/* Begin XCConfigurationList section */
		3A077E551DD4404300BDF81C /* Build configuration list for PBXProject "CUMTDApp" */ = {
			isa = XCConfigurationList;
			buildConfigurations = (
				3A077E751DD4404300BDF81C /* Debug */,
				3A077E761DD4404300BDF81C /* Release */,
			);
			defaultConfigurationIsVisible = 0;
			defaultConfigurationName = Release;
		};
		3A077E771DD4404300BDF81C /* Build configuration list for PBXNativeTarget "CUMTDApp" */ = {
			isa = XCConfigurationList;
			buildConfigurations = (
				3A077E781DD4404300BDF81C /* Debug */,
				3A077E791DD4404300BDF81C /* Release */,
			);
			defaultConfigurationIsVisible = 0;
			defaultConfigurationName = Release;
		};
		3A077E7A1DD4404300BDF81C /* Build configuration list for PBXNativeTarget "CUMTDAppTests" */ = {
			isa = XCConfigurationList;
			buildConfigurations = (
				3A077E7B1DD4404300BDF81C /* Debug */,
				3A077E7C1DD4404300BDF81C /* Release */,
			);
			defaultConfigurationIsVisible = 0;
			defaultConfigurationName = Release;
		};
		3ADFC77D1DDD9829000081E8 /* Build configuration list for PBXNativeTarget "Widget" */ = {
			isa = XCConfigurationList;
			buildConfigurations = (
				3ADFC77B1DDD9829000081E8 /* Debug */,
				3ADFC77C1DDD9829000081E8 /* Release */,
			);
			defaultConfigurationIsVisible = 0;
			defaultConfigurationName = Release;
		};
/* End XCConfigurationList section */
	};
	rootObject = 3A077E521DD4404300BDF81C /* Project object */;
}
